
Microsoft Visual Studio Solution File, Format Version 12.00
# Visual Studio Version 16
VisualStudioVersion = 16.0.30907.101
MinimumVisualStudioVersion = 10.0.40219.1
Project("{FAE04EC0-301F-11D3-BF4B-00C04F79EFBC}") = "csudh", "csudh.csproj", "{53293912-6AD8-46B0-B492-E018B19DB95B}"
EndProject
Global
	GlobalSection(SolutionConfigurationPlatforms) = preSolution
		Debug|Any CPU = Debug|Any CPU
		Release|Any CPU = Release|Any CPU
	EndGlobalSection
	GlobalSection(ProjectConfigurationPlatforms) = postSolution
		{53293912-6AD8-46B0-B492-E018B19DB95B}.Debug|Any CPU.ActiveCfg = Debug|Any CPU
		{53293912-6AD8-46B0-B492-E018B19DB95B}.Debug|Any CPU.Build.0 = Debug|Any CPU
		{53293912-6AD8-46B0-B492-E018B19DB95B}.Release|Any CPU.ActiveCfg = Release|Any CPU
		{53293912-6AD8-46B0-B492-E018B19DB95B}.Release|Any CPU.Build.0 = Release|Any CPU
	EndGlobalSection
	GlobalSection(SolutionProperties) = preSolution
		HideSolutionNode = FALSE
	EndGlobalSection
	GlobalSection(ExtensibilityGlobals) = postSolution
		SolutionGuid = {CBE503D1-4864-41E1-8592-595554D33E37}
	EndGlobalSection
EndGlobal
